// !$*UTF8*$!
{
	archiveVersion = 1;
	classes = {
	};
	objectVersion = 50;
	objects = {

/* Begin PBXBuildFile section */
		A3B12092227C2B8300BC2504 /* AppDelegate.swift in Sources */ = {isa = PBXBuildFile; fileRef = A3B12091227C2B8300BC2504 /* AppDelegate.swift */; };
		A3B12094227C2B8300BC2504 /* GameScene.sks in Resources */ = {isa = PBXBuildFile; fileRef = A3B12093227C2B8300BC2504 /* GameScene.sks */; };
		A3B12098227C2B8300BC2504 /* GameScene.swift in Sources */ = {isa = PBXBuildFile; fileRef = A3B12097227C2B8300BC2504 /* GameScene.swift */; };
		A3B1209A227C2B8300BC2504 /* GameViewController.swift in Sources */ = {isa = PBXBuildFile; fileRef = A3B12099227C2B8300BC2504 /* GameViewController.swift */; };
		A3B1209D227C2B8300BC2504 /* Main.storyboard in Resources */ = {isa = PBXBuildFile; fileRef = A3B1209B227C2B8300BC2504 /* Main.storyboard */; };
		A3B1209F227C2B8500BC2504 /* Assets.xcassets in Resources */ = {isa = PBXBuildFile; fileRef = A3B1209E227C2B8500BC2504 /* Assets.xcassets */; };
		A3B120A2227C2B8500BC2504 /* LaunchScreen.storyboard in Resources */ = {isa = PBXBuildFile; fileRef = A3B120A0227C2B8500BC2504 /* LaunchScreen.storyboard */; };
		A3B120AF227C35D600BC2504 /* music.m4a in Resources */ = {isa = PBXBuildFile; fileRef = A3B120AA227C35D600BC2504 /* music.m4a */; };
		A3B120B0227C35D600BC2504 /* PlayerExplosion.sks in Resources */ = {isa = PBXBuildFile; fileRef = A3B120AB227C35D600BC2504 /* PlayerExplosion.sks */; };
		A3B120B1227C35D600BC2504 /* explosion.wav in Resources */ = {isa = PBXBuildFile; fileRef = A3B120AC227C35D600BC2504 /* explosion.wav */; };
		A3B120B2227C35D600BC2504 /* coin.wav in Resources */ = {isa = PBXBuildFile; fileRef = A3B120AD227C35D600BC2504 /* coin.wav */; };
		A3B120B3227C35D600BC2504 /* spark.png in Resources */ = {isa = PBXBuildFile; fileRef = A3B120AE227C35D600BC2504 /* spark.png */; };
		A3B120B6227C38D700BC2504 /* R.generated.swift in Sources */ = {isa = PBXBuildFile; fileRef = A3B120B5227C38D700BC2504 /* R.generated.swift */; };
		C5CE6D24B22F1B1D2056EAE3 /* Pods_CrashyPlane.framework in Frameworks */ = {isa = PBXBuildFile; fileRef = A375903492BBD8575CF436FD /* Pods_CrashyPlane.framework */; };
/* End PBXBuildFile section */

/* Begin PBXFileReference section */
		5AC6E14793CBFB8DD2171A30 /* Pods-CrashyPlane.release.xcconfig */ = {isa = PBXFileReference; includeInIndex = 1; lastKnownFileType = text.xcconfig; name = "Pods-CrashyPlane.release.xcconfig"; path = "Pods/Target Support Files/Pods-CrashyPlane/Pods-CrashyPlane.release.xcconfig"; sourceTree = "<group>"; };
		A375903492BBD8575CF436FD /* Pods_CrashyPlane.framework */ = {isa = PBXFileReference; explicitFileType = wrapper.framework; includeInIndex = 0; path = Pods_CrashyPlane.framework; sourceTree = BUILT_PRODUCTS_DIR; };
		A3B1208E227C2B8300BC2504 /* CrashyPlane.app */ = {isa = PBXFileReference; explicitFileType = wrapper.application; includeInIndex = 0; path = CrashyPlane.app; sourceTree = BUILT_PRODUCTS_DIR; };
		A3B12091227C2B8300BC2504 /* AppDelegate.swift */ = {isa = PBXFileReference; lastKnownFileType = sourcecode.swift; path = AppDelegate.swift; sourceTree = "<group>"; };
		A3B12093227C2B8300BC2504 /* GameScene.sks */ = {isa = PBXFileReference; lastKnownFileType = file.sks; path = GameScene.sks; sourceTree = "<group>"; };
		A3B12097227C2B8300BC2504 /* GameScene.swift */ = {isa = PBXFileReference; lastKnownFileType = sourcecode.swift; path = GameScene.swift; sourceTree = "<group>"; };
		A3B12099227C2B8300BC2504 /* GameViewController.swift */ = {isa = PBXFileReference; lastKnownFileType = sourcecode.swift; path = GameViewController.swift; sourceTree = "<group>"; };
		A3B1209C227C2B8300BC2504 /* Base */ = {isa = PBXFileReference; lastKnownFileType = file.storyboard; name = Base; path = Base.lproj/Main.storyboard; sourceTree = "<group>"; };
		A3B1209E227C2B8500BC2504 /* Assets.xcassets */ = {isa = PBXFileReference; lastKnownFileType = folder.assetcatalog; path = Assets.xcassets; sourceTree = "<group>"; };
		A3B120A1227C2B8500BC2504 /* Base */ = {isa = PBXFileReference; lastKnownFileType = file.storyboard; name = Base; path = Base.lproj/LaunchScreen.storyboard; sourceTree = "<group>"; };
		A3B120A3227C2B8500BC2504 /* Info.plist */ = {isa = PBXFileReference; lastKnownFileType = text.plist.xml; path = Info.plist; sourceTree = "<group>"; };
		A3B120AA227C35D600BC2504 /* music.m4a */ = {isa = PBXFileReference; lastKnownFileType = file; path = music.m4a; sourceTree = "<group>"; };
		A3B120AB227C35D600BC2504 /* PlayerExplosion.sks */ = {isa = PBXFileReference; lastKnownFileType = file.sks; path = PlayerExplosion.sks; sourceTree = "<group>"; };
		A3B120AC227C35D600BC2504 /* explosion.wav */ = {isa = PBXFileReference; lastKnownFileType = audio.wav; path = explosion.wav; sourceTree = "<group>"; };
		A3B120AD227C35D600BC2504 /* coin.wav */ = {isa = PBXFileReference; lastKnownFileType = audio.wav; path = coin.wav; sourceTree = "<group>"; };
		A3B120AE227C35D600BC2504 /* spark.png */ = {isa = PBXFileReference; lastKnownFileType = image.png; path = spark.png; sourceTree = "<group>"; };
		A3B120B5227C38D700BC2504 /* R.generated.swift */ = {isa = PBXFileReference; fileEncoding = 4; lastKnownFileType = sourcecode.swift; path = R.generated.swift; sourceTree = SOURCE_ROOT; };
		F3567E81750E664AD194B85B /* Pods-CrashyPlane.debug.xcconfig */ = {isa = PBXFileReference; includeInIndex = 1; lastKnownFileType = text.xcconfig; name = "Pods-CrashyPlane.debug.xcconfig"; path = "Pods/Target Support Files/Pods-CrashyPlane/Pods-CrashyPlane.debug.xcconfig"; sourceTree = "<group>"; };
/* End PBXFileReference section */

/* Begin PBXFrameworksBuildPhase section */
		A3B1208B227C2B8300BC2504 /* Frameworks */ = {
			isa = PBXFrameworksBuildPhase;
			buildActionMask = 2147483647;
			files = (
				C5CE6D24B22F1B1D2056EAE3 /* Pods_CrashyPlane.framework in Frameworks */,
			);
			runOnlyForDeploymentPostprocessing = 0;
		};
/* End PBXFrameworksBuildPhase section */

/* Begin PBXGroup section */
		3CCED7A1C253866FFFB2A9EA /* Frameworks */ = {
			isa = PBXGroup;
			children = (
				A375903492BBD8575CF436FD /* Pods_CrashyPlane.framework */,
			);
			name = Frameworks;
			sourceTree = "<group>";
		};
		97A6B1E07259603302D4EC63 /* Pods */ = {
			isa = PBXGroup;
			children = (
				F3567E81750E664AD194B85B /* Pods-CrashyPlane.debug.xcconfig */,
				5AC6E14793CBFB8DD2171A30 /* Pods-CrashyPlane.release.xcconfig */,
			);
			name = Pods;
			sourceTree = "<group>";
		};
		A3B12085227C2B8300BC2504 = {
			isa = PBXGroup;
			children = (
				A3B12090227C2B8300BC2504 /* CrashyPlane */,
				A3B1208F227C2B8300BC2504 /* Products */,
				97A6B1E07259603302D4EC63 /* Pods */,
				3CCED7A1C253866FFFB2A9EA /* Frameworks */,
			);
			sourceTree = "<group>";
		};
		A3B1208F227C2B8300BC2504 /* Products */ = {
			isa = PBXGroup;
			children = (
				A3B1208E227C2B8300BC2504 /* CrashyPlane.app */,
			);
			name = Products;
			sourceTree = "<group>";
		};
		A3B12090227C2B8300BC2504 /* CrashyPlane */ = {
			isa = PBXGroup;
			children = (
				A3B120B5227C38D700BC2504 /* R.generated.swift */,
				A3B120A9227C357900BC2504 /* content */,
				A3B12091227C2B8300BC2504 /* AppDelegate.swift */,
				A3B12093227C2B8300BC2504 /* GameScene.sks */,
				A3B12097227C2B8300BC2504 /* GameScene.swift */,
				A3B12099227C2B8300BC2504 /* GameViewController.swift */,
				A3B1209B227C2B8300BC2504 /* Main.storyboard */,
				A3B1209E227C2B8500BC2504 /* Assets.xcassets */,
				A3B120A0227C2B8500BC2504 /* LaunchScreen.storyboard */,
				A3B120A3227C2B8500BC2504 /* Info.plist */,
			);
			path = CrashyPlane;
			sourceTree = "<group>";
		};
		A3B120A9227C357900BC2504 /* content */ = {
			isa = PBXGroup;
			children = (
				A3B120AD227C35D600BC2504 /* coin.wav */,
				A3B120AC227C35D600BC2504 /* explosion.wav */,
				A3B120AA227C35D600BC2504 /* music.m4a */,
				A3B120AB227C35D600BC2504 /* PlayerExplosion.sks */,
				A3B120AE227C35D600BC2504 /* spark.png */,
			);
			path = content;
			sourceTree = "<group>";
		};
/* End PBXGroup section */

/* Begin PBXNativeTarget section */
		A3B1208D227C2B8300BC2504 /* CrashyPlane */ = {
			isa = PBXNativeTarget;
			buildConfigurationList = A3B120A6227C2B8500BC2504 /* Build configuration list for PBXNativeTarget "CrashyPlane" */;
			buildPhases = (
				0D83C8EE2D4892613C5063BC /* [CP] Check Pods Manifest.lock */,
				A3B120B4227C37E800BC2504 /* ShellScript */,
				A3B1208A227C2B8300BC2504 /* Sources */,
				A3B1208B227C2B8300BC2504 /* Frameworks */,
				A3B1208C227C2B8300BC2504 /* Resources */,
				5E90F634B750228FA34E88DE /* [CP] Embed Pods Frameworks */,
			);
			buildRules = (
			);
			dependencies = (
			);
			name = CrashyPlane;
			productName = CrashyPlane;
			productReference = A3B1208E227C2B8300BC2504 /* CrashyPlane.app */;
			productType = "com.apple.product-type.application";
		};
/* End PBXNativeTarget section */

/* Begin PBXProject section */
		A3B12086227C2B8300BC2504 /* Project object */ = {
			isa = PBXProject;
			attributes = {
				LastSwiftUpdateCheck = 1020;
				LastUpgradeCheck = 1020;
				ORGANIZATIONNAME = AriSwift;
				TargetAttributes = {
					A3B1208D227C2B8300BC2504 = {
						CreatedOnToolsVersion = 10.2.1;
					};
				};
			};
			buildConfigurationList = A3B12089227C2B8300BC2504 /* Build configuration list for PBXProject "CrashyPlane" */;
			compatibilityVersion = "Xcode 9.3";
			developmentRegion = en;
			hasScannedForEncodings = 0;
			knownRegions = (
				en,
				Base,
			);
			mainGroup = A3B12085227C2B8300BC2504;
			productRefGroup = A3B1208F227C2B8300BC2504 /* Products */;
			projectDirPath = "";
			projectRoot = "";
			targets = (
				A3B1208D227C2B8300BC2504 /* CrashyPlane */,
			);
		};
/* End PBXProject section */

/* Begin PBXResourcesBuildPhase section */
		A3B1208C227C2B8300BC2504 /* Resources */ = {
			isa = PBXResourcesBuildPhase;
			buildActionMask = 2147483647;
			files = (
				A3B120B0227C35D600BC2504 /* PlayerExplosion.sks in Resources */,
				A3B120B3227C35D600BC2504 /* spark.png in Resources */,
				A3B1209D227C2B8300BC2504 /* Main.storyboard in Resources */,
				A3B120B1227C35D600BC2504 /* explosion.wav in Resources */,
				A3B12094227C2B8300BC2504 /* GameScene.sks in Resources */,
				A3B1209F227C2B8500BC2504 /* Assets.xcassets in Resources */,
				A3B120B2227C35D600BC2504 /* coin.wav in Resources */,
				A3B120AF227C35D600BC2504 /* music.m4a in Resources */,
				A3B120A2227C2B8500BC2504 /* LaunchScreen.storyboard in Resources */,
			);
			runOnlyForDeploymentPostprocessing = 0;
		};
/* End PBXResourcesBuildPhase section */

/* Begin PBXShellScriptBuildPhase section */
		0D83C8EE2D4892613C5063BC /* [CP] Check Pods Manifest.lock */ = {
			isa = PBXShellScriptBuildPhase;
			buildActionMask = 2147483647;
			files = (
			);
			inputFileListPaths = (
			);
			inputPaths = (
				"${PODS_PODFILE_DIR_PATH}/Podfile.lock",
				"${PODS_ROOT}/Manifest.lock",
			);
			name = "[CP] Check Pods Manifest.lock";
			outputFileListPaths = (
			);
			outputPaths = (
				"$(DERIVED_FILE_DIR)/Pods-CrashyPlane-checkManifestLockResult.txt",
			);
			runOnlyForDeploymentPostprocessing = 0;
			shellPath = /bin/sh;
			shellScript = "diff \"${PODS_PODFILE_DIR_PATH}/Podfile.lock\" \"${PODS_ROOT}/Manifest.lock\" > /dev/null\nif [ $? != 0 ] ; then\n    # print error to STDERR\n    echo \"error: The sandbox is not in sync with the Podfile.lock. Run 'pod install' or update your CocoaPods installation.\" >&2\n    exit 1\nfi\n# This output is used by Xcode 'outputs' to avoid re-running this script phase.\necho \"SUCCESS\" > \"${SCRIPT_OUTPUT_FILE_0}\"\n";
			showEnvVarsInLog = 0;
		};
		5E90F634B750228FA34E88DE /* [CP] Embed Pods Frameworks */ = {
			isa = PBXShellScriptBuildPhase;
			buildActionMask = 2147483647;
			files = (
			);
			inputFileListPaths = (
			);
			inputPaths = (
				"${SRCROOT}/Pods/Target Support Files/Pods-CrashyPlane/Pods-CrashyPlane-frameworks.sh",
				"${BUILT_PRODUCTS_DIR}/R.swift.Library/Rswift.framework",
			);
			name = "[CP] Embed Pods Frameworks";
			outputFileListPaths = (
			);
			outputPaths = (
				"${TARGET_BUILD_DIR}/${FRAMEWORKS_FOLDER_PATH}/Rswift.framework",
			);
			runOnlyForDeploymentPostprocessing = 0;
			shellPath = /bin/sh;
			shellScript = "\"${SRCROOT}/Pods/Target Support Files/Pods-CrashyPlane/Pods-CrashyPlane-frameworks.sh\"\n";
			showEnvVarsInLog = 0;
		};
		A3B120B4227C37E800BC2504 /* ShellScript */ = {
			isa = PBXShellScriptBuildPhase;
			buildActionMask = 2147483647;
			files = (
			);
			inputFileListPaths = (
			);
			inputPaths = (
				"$TEMP_DIR/rswift-lastrun",
			);
			outputFileListPaths = (
			);
			outputPaths = (
				$SRCROOT/R.generated.swift,
			);
			runOnlyForDeploymentPostprocessing = 0;
			shellPath = /bin/sh;
			shellScript = "\"$PODS_ROOT/R.swift/rswift\" generate \"$SRCROOT/R.generated.swift\"\n";
		};
/* End PBXShellScriptBuildPhase section */

/* Begin PBXSourcesBuildPhase section */
		A3B1208A227C2B8300BC2504 /* Sources */ = {
			isa = PBXSourcesBuildPhase;
			buildActionMask = 2147483647;
			files = (
				A3B12098227C2B8300BC2504 /* GameScene.swift in Sources */,
				A3B1209A227C2B8300BC2504 /* GameViewController.swift in Sources */,
				A3B12092227C2B8300BC2504 /* AppDelegate.swift in Sources */,
				A3B120B6227C38D700BC2504 /* R.generated.swift in Sources */,
			);
			runOnlyForDeploymentPostprocessing = 0;
		};
/* End PBXSourcesBuildPhase section */

/* Begin PBXVariantGroup section */
		A3B1209B227C2B8300BC2504 /* Main.storyboard */ = {
			isa = PBXVariantGroup;
			children = (
				A3B1209C227C2B8300BC2504 /* Base */,
			);
			name = Main.storyboard;
			sourceTree = "<group>";
		};
		A3B120A0227C2B8500BC2504 /* LaunchScreen.storyboard */ = {
			isa = PBXVariantGroup;
			children = (
				A3B120A1227C2B8500BC2504 /* Base */,
			);
			name = LaunchScreen.storyboard;
			sourceTree = "<group>";
		};
/* End PBXVariantGroup section */

/* Begin XCBuildConfiguration section */
		A3B120A4227C2B8500BC2504 /* Debug */ = {
			isa = XCBuildConfiguration;
			buildSettings = {
				ALWAYS_SEARCH_USER_PATHS = NO;
				CLANG_ANALYZER_NONNULL = YES;
				CLANG_ANALYZER_NUMBER_OBJECT_CONVERSION = YES_AGGRESSIVE;
				CLANG_CXX_LANGUAGE_STANDARD = "gnu++14";
				CLANG_CXX_LIBRARY = "libc++";
				CLANG_ENABLE_MODULES = YES;
				CLANG_ENABLE_OBJC_ARC = YES;
				CLANG_ENABLE_OBJC_WEAK = YES;
				CLANG_WARN_BLOCK_CAPTURE_AUTORELEASING = YES;
				CLANG_WARN_BOOL_CONVERSION = YES;
				CLANG_WARN_COMMA = YES;
				CLANG_WARN_CONSTANT_CONVERSION = YES;
				CLANG_WARN_DEPRECATED_OBJC_IMPLEMENTATIONS = YES;
				CLANG_WARN_DIRECT_OBJC_ISA_USAGE = YES_ERROR;
				CLANG_WARN_DOCUMENTATION_COMMENTS = YES;
				CLANG_WARN_EMPTY_BODY = YES;
				CLANG_WARN_ENUM_CONVERSION = YES;
				CLANG_WARN_INFINITE_RECURSION = YES;
				CLANG_WARN_INT_CONVERSION = YES;
				CLANG_WARN_NON_LITERAL_NULL_CONVERSION = YES;
				CLANG_WARN_OBJC_IMPLICIT_RETAIN_SELF = YES;
				CLANG_WARN_OBJC_LITERAL_CONVERSION = YES;
				CLANG_WARN_OBJC_ROOT_CLASS = YES_ERROR;
				CLANG_WARN_RANGE_LOOP_ANALYSIS = YES;
				CLANG_WARN_STRICT_PROTOTYPES = YES;
				CLANG_WARN_SUSPICIOUS_MOVE = YES;
				CLANG_WARN_UNGUARDED_AVAILABILITY = YES_AGGRESSIVE;
				CLANG_WARN_UNREACHABLE_CODE = YES;
				CLANG_WARN__DUPLICATE_METHOD_MATCH = YES;
				CODE_SIGN_IDENTITY = "iPhone Developer";
				COPY_PHASE_STRIP = NO;
				DEBUG_INFORMATION_FORMAT = dwarf;
				ENABLE_STRICT_OBJC_MSGSEND = YES;
				ENABLE_TESTABILITY = YES;
				GCC_C_LANGUAGE_STANDARD = gnu11;
				GCC_DYNAMIC_NO_PIC = NO;
				GCC_NO_COMMON_BLOCKS = YES;
				GCC_OPTIMIZATION_LEVEL = 0;
				GCC_PREPROCESSOR_DEFINITIONS = (
					"DEBUG=1",
					"$(inherited)",
				);
				GCC_WARN_64_TO_32_BIT_CONVERSION = YES;
				GCC_WARN_ABOUT_RETURN_TYPE = YES_ERROR;
				GCC_WARN_UNDECLARED_SELECTOR = YES;
				GCC_WARN_UNINITIALIZED_AUTOS = YES_AGGRESSIVE;
				GCC_WARN_UNUSED_FUNCTION = YES;
				GCC_WARN_UNUSED_VARIABLE = YES;
				IPHONEOS_DEPLOYMENT_TARGET = 12.2;
				MTL_ENABLE_DEBUG_INFO = INCLUDE_SOURCE;
				MTL_FAST_MATH = YES;
				ONLY_ACTIVE_ARCH = YES;
				SDKROOT = iphoneos;
				SWIFT_ACTIVE_COMPILATION_CONDITIONS = DEBUG;
				SWIFT_OPTIMIZATION_LEVEL = "-Onone";
			};
			name = Debug;
		};
		A3B120A5227C2B8500BC2504 /* Release */ = {
			isa = XCBuildConfiguration;
			buildSettings = {
				ALWAYS_SEARCH_USER_PATHS = NO;
				CLANG_ANALYZER_NONNULL = YES;
				CLANG_ANALYZER_NUMBER_OBJECT_CONVERSION = YES_AGGRESSIVE;
				CLANG_CXX_LANGUAGE_STANDARD = "gnu++14";
				CLANG_CXX_LIBRARY = "libc++";
				CLANG_ENABLE_MODULES = YES;
				CLANG_ENABLE_OBJC_ARC = YES;
				CLANG_ENABLE_OBJC_WEAK = YES;
				CLANG_WARN_BLOCK_CAPTURE_AUTORELEASING = YES;
				CLANG_WARN_BOOL_CONVERSION = YES;
				CLANG_WARN_COMMA = YES;
				CLANG_WARN_CONSTANT_CONVERSION = YES;
				CLANG_WARN_DEPRECATED_OBJC_IMPLEMENTATIONS = YES;
				CLANG_WARN_DIRECT_OBJC_ISA_USAGE = YES_ERROR;
				CLANG_WARN_DOCUMENTATION_COMMENTS = YES;
				CLANG_WARN_EMPTY_BODY = YES;
				CLANG_WARN_ENUM_CONVERSION = YES;
				CLANG_WARN_INFINITE_RECURSION = YES;
				CLANG_WARN_INT_CONVERSION = YES;
				CLANG_WARN_NON_LITERAL_NULL_CONVERSION = YES;
				CLANG_WARN_OBJC_IMPLICIT_RETAIN_SELF = YES;
				CLANG_WARN_OBJC_LITERAL_CONVERSION = YES;
				CLANG_WARN_OBJC_ROOT_CLASS = YES_ERROR;
				CLANG_WARN_RANGE_LOOP_ANALYSIS = YES;
				CLANG_WARN_STRICT_PROTOTYPES = YES;
				CLANG_WARN_SUSPICIOUS_MOVE = YES;
				CLANG_WARN_UNGUARDED_AVAILABILITY = YES_AGGRESSIVE;
				CLANG_WARN_UNREACHABLE_CODE = YES;
				CLANG_WARN__DUPLICATE_METHOD_MATCH = YES;
				CODE_SIGN_IDENTITY = "iPhone Developer";
				COPY_PHASE_STRIP = NO;
				DEBUG_INFORMATION_FORMAT = "dwarf-with-dsym";
				ENABLE_NS_ASSERTIONS = NO;
				ENABLE_STRICT_OBJC_MSGSEND = YES;
				GCC_C_LANGUAGE_STANDARD = gnu11;
				GCC_NO_COMMON_BLOCKS = YES;
				GCC_WARN_64_TO_32_BIT_CONVERSION = YES;
				GCC_WARN_ABOUT_RETURN_TYPE = YES_ERROR;
				GCC_WARN_UNDECLARED_SELECTOR = YES;
				GCC_WARN_UNINITIALIZED_AUTOS = YES_AGGRESSIVE;
				GCC_WARN_UNUSED_FUNCTION = YES;
				GCC_WARN_UNUSED_VARIABLE = YES;
				IPHONEOS_DEPLOYMENT_TARGET = 12.2;
				MTL_ENABLE_DEBUG_INFO = NO;
				MTL_FAST_MATH = YES;
				SDKROOT = iphoneos;
				SWIFT_COMPILATION_MODE = wholemodule;
				SWIFT_OPTIMIZATION_LEVEL = "-O";
				VALIDATE_PRODUCT = YES;
			};
			name = Release;
		};
		A3B120A7227C2B8500BC2504 /* Debug */ = {
			isa = XCBuildConfiguration;
			baseConfigurationReference = F3567E81750E664AD194B85B /* Pods-CrashyPlane.debug.xcconfig */;
			buildSettings = {
				ASSETCATALOG_COMPILER_APPICON_NAME = AppIcon;
				CODE_SIGN_STYLE = Automatic;
				DEVELOPMENT_TEAM = F6ZGK6PPV9;
				INFOPLIST_FILE = CrashyPlane/Info.plist;
				LD_RUNPATH_SEARCH_PATHS = (
					"$(inherited)",
					"@executable_path/Frameworks",
				);
				PRODUCT_BUNDLE_IDENTIFIER = as.CrashyPlane;
				PRODUCT_NAME = "$(TARGET_NAME)";
				SWIFT_VERSION = 5.0;
				TARGETED_DEVICE_FAMILY = "1,2";
			};
			name = Debug;
		};
		A3B120A8227C2B8500BC2504 /* Release */ = {
			isa = XCBuildConfiguration;
			baseConfigurationReference = 5AC6E14793CBFB8DD2171A30 /* Pods-CrashyPlane.release.xcconfig */;
			buildSettings = {
				ASSETCATALOG_COMPILER_APPICON_NAME = AppIcon;
				CODE_SIGN_STYLE = Automatic;
				DEVELOPMENT_TEAM = F6ZGK6PPV9;
				INFOPLIST_FILE = CrashyPlane/Info.plist;
				LD_RUNPATH_SEARCH_PATHS = (
					"$(inherited)",
					"@executable_path/Frameworks",
				);
				PRODUCT_BUNDLE_IDENTIFIER = as.CrashyPlane;
				PRODUCT_NAME = "$(TARGET_NAME)";
				SWIFT_VERSION = 5.0;
				TARGETED_DEVICE_FAMILY = "1,2";
			};
			name = Release;
		};
/* End XCBuildConfiguration section */

/* Begin XCConfigurationList section */
		A3B12089227C2B8300BC2504 /* Build configuration list for PBXProject "CrashyPlane" */ = {
			isa = XCConfigurationList;
			buildConfigurations = (
				A3B120A4227C2B8500BC2504 /* Debug */,
				A3B120A5227C2B8500BC2504 /* Release */,
			);
			defaultConfigurationIsVisible = 0;
			defaultConfigurationName = Release;
		};
		A3B120A6227C2B8500BC2504 /* Build configuration list for PBXNativeTarget "CrashyPlane" */ = {
			isa = XCConfigurationList;
			buildConfigurations = (
				A3B120A7227C2B8500BC2504 /* Debug */,
				A3B120A8227C2B8500BC2504 /* Release */,
			);
			defaultConfigurationIsVisible = 0;
			defaultConfigurationName = Release;
		};
/* End XCConfigurationList section */
	};
	rootObject = A3B12086227C2B8300BC2504 /* Project object */;
}
